
Microsoft Visual Studio Solution File, Format Version 12.00
# Visual Studio Version 16
VisualStudioVersion = 16.0.29519.87
MinimumVisualStudioVersion = 10.0.40219.1
Project("{F2A71F9B-5D33-465A-A702-920D77279786}") = "TallyCounter", "TallyCounter\TallyCounter.fsproj", "{B256E41F-67D9-4803-8831-AD978659738F}"
EndProject
Global
	GlobalSection(SolutionConfigurationPlatforms) = preSolution
		Debug|Any CPU = Debug|Any CPU
		Release|Any CPU = Release|Any CPU
	EndGlobalSection
	GlobalSection(ProjectConfigurationPlatforms) = postSolution
		{B256E41F-67D9-4803-8831-AD978659738F}.Debug|Any CPU.ActiveCfg = Debug|Any CPU
		{B256E41F-67D9-4803-8831-AD978659738F}.Debug|Any CPU.Build.0 = Debug|Any CPU
		{B256E41F-67D9-4803-8831-AD978659738F}.Debug|Any CPU.Deploy.0 = Debug|Any CPU
		{B256E41F-67D9-4803-8831-AD978659738F}.Release|Any CPU.ActiveCfg = Release|Any CPU
		{B256E41F-67D9-4803-8831-AD978659738F}.Release|Any CPU.Build.0 = Release|Any CPU
		{B256E41F-67D9-4803-8831-AD978659738F}.Release|Any CPU.Deploy.0 = Release|Any CPU
	EndGlobalSection
	GlobalSection(SolutionProperties) = preSolution
		HideSolutionNode = FALSE
	EndGlobalSection
	GlobalSection(ExtensibilityGlobals) = postSolution
		SolutionGuid = {94F5ABF8-0B90-4F80-9523-E5DF3DB56DAB}
	EndGlobalSection
EndGlobal
